
Microsoft Visual Studio Solution File, Format Version 12.00
# Visual Studio 15
VisualStudioVersion = 15.0.28010.2041
MinimumVisualStudioVersion = 10.0.40219.1
Project("{9092AA53-FB77-4645-B42D-1CCCA6BD08BD}") = "NodejsConsoleApp1", "NodejsConsoleApp1\NodejsConsoleApp1.njsproj", "{37433817-16CE-4500-BFBC-CCA03B11EF7D}"
EndProject
Global
	GlobalSection(SolutionConfigurationPlatforms) = preSolution
		Debug|Any CPU = Debug|Any CPU
		Release|Any CPU = Release|Any CPU
	EndGlobalSection
	GlobalSection(ProjectConfigurationPlatforms) = postSolution
		{37433817-16CE-4500-BFBC-CCA03B11EF7D}.Debug|Any CPU.ActiveCfg = Debug|Any CPU
		{37433817-16CE-4500-BFBC-CCA03B11EF7D}.Debug|Any CPU.Build.0 = Debug|Any CPU
		{37433817-16CE-4500-BFBC-CCA03B11EF7D}.Release|Any CPU.ActiveCfg = Release|Any CPU
		{37433817-16CE-4500-BFBC-CCA03B11EF7D}.Release|Any CPU.Build.0 = Release|Any CPU
	EndGlobalSection
	GlobalSection(SolutionProperties) = preSolution
		HideSolutionNode = FALSE
	EndGlobalSection
	GlobalSection(ExtensibilityGlobals) = postSolution
		SolutionGuid = {C64FB370-9E00-4B1C-B159-958B693B68AF}
	EndGlobalSection
EndGlobal
